
Microsoft Visual Studio Solution File, Format Version 12.00
# Visual Studio 15
VisualStudioVersion = 15.0.28307.421
MinimumVisualStudioVersion = 10.0.40219.1
Project("{FAE04EC0-301F-11D3-BF4B-00C04F79EFBC}") = "Senai.WebApi.SpMedGroup", "Senai.WebApi.SpMedGroup\Senai.WebApi.SpMedGroup.csproj", "{3ABFD289-DA5F-40C1-8505-9DBF55BD3E6C}"
EndProject
Global
	GlobalSection(SolutionConfigurationPlatforms) = preSolution
		Debug|Any CPU = Debug|Any CPU
		Release|Any CPU = Release|Any CPU
	EndGlobalSection
	GlobalSection(ProjectConfigurationPlatforms) = postSolution
		{3ABFD289-DA5F-40C1-8505-9DBF55BD3E6C}.Debug|Any CPU.ActiveCfg = Debug|Any CPU
		{3ABFD289-DA5F-40C1-8505-9DBF55BD3E6C}.Debug|Any CPU.Build.0 = Debug|Any CPU
		{3ABFD289-DA5F-40C1-8505-9DBF55BD3E6C}.Release|Any CPU.ActiveCfg = Release|Any CPU
		{3ABFD289-DA5F-40C1-8505-9DBF55BD3E6C}.Release|Any CPU.Build.0 = Release|Any CPU
	EndGlobalSection
	GlobalSection(SolutionProperties) = preSolution
		HideSolutionNode = FALSE
	EndGlobalSection
	GlobalSection(ExtensibilityGlobals) = postSolution
		SolutionGuid = {A9F7E257-EFB9-4D33-ABF0-17B00FC79EF2}
	EndGlobalSection
EndGlobal
